
Microsoft Visual Studio Solution File, Format Version 12.00
# Visual Studio Version 16
VisualStudioVersion = 16.0.30517.126
MinimumVisualStudioVersion = 10.0.40219.1
Project("{9A19103F-16F7-4668-BE54-9A1E7A4F7556}") = "MultifunctionalChat", "MultifunctionalChat\MultifunctionalChat.csproj", "{0DAACEFA-1DDA-4AAA-B08A-F92EDE4F719A}"
EndProject
Global
	GlobalSection(SolutionConfigurationPlatforms) = preSolution
		Debug|Any CPU = Debug|Any CPU
		Release|Any CPU = Release|Any CPU
	EndGlobalSection
	GlobalSection(ProjectConfigurationPlatforms) = postSolution
		{0DAACEFA-1DDA-4AAA-B08A-F92EDE4F719A}.Debug|Any CPU.ActiveCfg = Debug|Any CPU
		{0DAACEFA-1DDA-4AAA-B08A-F92EDE4F719A}.Debug|Any CPU.Build.0 = Debug|Any CPU
		{0DAACEFA-1DDA-4AAA-B08A-F92EDE4F719A}.Release|Any CPU.ActiveCfg = Release|Any CPU
		{0DAACEFA-1DDA-4AAA-B08A-F92EDE4F719A}.Release|Any CPU.Build.0 = Release|Any CPU
	EndGlobalSection
	GlobalSection(SolutionProperties) = preSolution
		HideSolutionNode = FALSE
	EndGlobalSection
	GlobalSection(ExtensibilityGlobals) = postSolution
		SolutionGuid = {FBF51F9C-1A44-4463-8ADB-835A79AA3C7F}
	EndGlobalSection
EndGlobal
